
Microsoft Visual Studio Solution File, Format Version 12.00
# Visual Studio 15
VisualStudioVersion = 15.0.28307.271
MinimumVisualStudioVersion = 10.0.40219.1
Project("{FAE04EC0-301F-11D3-BF4B-00C04F79EFBC}") = "helloname", "helloname\helloname.csproj", "{62DBF5A4-8D45-43E5-B028-7A5AA4E13DC2}"
EndProject
Global
	GlobalSection(SolutionConfigurationPlatforms) = preSolution
		Debug|Any CPU = Debug|Any CPU
		Release|Any CPU = Release|Any CPU
	EndGlobalSection
	GlobalSection(ProjectConfigurationPlatforms) = postSolution
		{62DBF5A4-8D45-43E5-B028-7A5AA4E13DC2}.Debug|Any CPU.ActiveCfg = Debug|Any CPU
		{62DBF5A4-8D45-43E5-B028-7A5AA4E13DC2}.Debug|Any CPU.Build.0 = Debug|Any CPU
		{62DBF5A4-8D45-43E5-B028-7A5AA4E13DC2}.Release|Any CPU.ActiveCfg = Release|Any CPU
		{62DBF5A4-8D45-43E5-B028-7A5AA4E13DC2}.Release|Any CPU.Build.0 = Release|Any CPU
	EndGlobalSection
	GlobalSection(SolutionProperties) = preSolution
		HideSolutionNode = FALSE
	EndGlobalSection
	GlobalSection(ExtensibilityGlobals) = postSolution
		SolutionGuid = {8C10FD63-25F6-4720-BF74-3DC9E82FB369}
	EndGlobalSection
EndGlobal
